
Microsoft Visual Studio Solution File, Format Version 12.00
# Visual Studio Version 17
VisualStudioVersion = 17.7.34031.279
MinimumVisualStudioVersion = 10.0.40219.1
Project("{FAE04EC0-301F-11D3-BF4B-00C04F79EFBC}") = "EnzoAnte.CAI.Ej04", "EnzoAnte.CAI.Ej04\EnzoAnte.CAI.Ej04.csproj", "{C1F84E2D-45E7-4829-AE1C-CDD329701C3C}"
EndProject
Global
	GlobalSection(SolutionConfigurationPlatforms) = preSolution
		Debug|Any CPU = Debug|Any CPU
		Release|Any CPU = Release|Any CPU
	EndGlobalSection
	GlobalSection(ProjectConfigurationPlatforms) = postSolution
		{C1F84E2D-45E7-4829-AE1C-CDD329701C3C}.Debug|Any CPU.ActiveCfg = Debug|Any CPU
		{C1F84E2D-45E7-4829-AE1C-CDD329701C3C}.Debug|Any CPU.Build.0 = Debug|Any CPU
		{C1F84E2D-45E7-4829-AE1C-CDD329701C3C}.Release|Any CPU.ActiveCfg = Release|Any CPU
		{C1F84E2D-45E7-4829-AE1C-CDD329701C3C}.Release|Any CPU.Build.0 = Release|Any CPU
	EndGlobalSection
	GlobalSection(SolutionProperties) = preSolution
		HideSolutionNode = FALSE
	EndGlobalSection
	GlobalSection(ExtensibilityGlobals) = postSolution
		SolutionGuid = {1D051255-3B8D-4472-B822-4F3F8D791457}
	EndGlobalSection
EndGlobal
